<?xml version="1.0" encoding="utf-8"?>
<Project ToolsVersion="4.0" xmlns="http://schemas.microsoft.com/developer/msbuild/2003">
  <ItemGroup>
    <Filter Include="源文件">
      <UniqueIdentifier>{4FC737F1-C7A5-4376-A066-2A32D752A2FF}</UniqueIdentifier>
      <Extensions>cpp;c;cc;cxx;c++;cppm;ixx;def;odl;idl;hpj;bat;asm;asmx</Extensions>
    </Filter>
    <Filter Include="头文件">
      <UniqueIdentifier>{93995380-89BD-4b04-88EB-625FBE52EBFB}</UniqueIdentifier>
      <Extensions>h;hh;hpp;hxx;h++;hm;inl;inc;ipp;xsd</Extensions>
    </Filter>
    <Filter Include="资源文件">
      <UniqueIdentifier>{67DA6AB6-F800-4c08-8B7A-83BB121AAD01}</UniqueIdentifier>
      <Extensions>rc;ico;cur;bmp;dlg;rc2;rct;bin;rgs;gif;jpg;jpeg;jpe;resx;tiff;tif;png;wav;mfcribbon-ms</Extensions>
    </Filter>
    <Filter Include="源文件\res">
      <UniqueIdentifier>{6deb9c20-d960-4910-ab57-c2eb7e6252d5}</UniqueIdentifier>
    </Filter>
    <Filter Include="源文件\res\images">
      <UniqueIdentifier>{7b29c1de-bbc0-4ba4-8ad1-cbbcef564173}</UniqueIdentifier>
    </Filter>
    <Filter Include="源文件\res\shaders">
      <UniqueIdentifier>{9661ee1d-9aaa-4619-b318-880ca0306b05}</UniqueIdentifier>
    </Filter>
    <Filter Include="源文件\SOIL2">
      <UniqueIdentifier>{d6768247-4f1d-4f1c-b4c1-62f873af9b8e}</UniqueIdentifier>
    </Filter>
  </ItemGroup>
  <ItemGroup>
    <ClCompile Include="homework1.cpp">
      <Filter>源文件</Filter>
    </ClCompile>
    <ClCompile Include="main.cpp">
      <Filter>源文件</Filter>
    </ClCompile>
    <ClCompile Include="main2.cpp">
      <Filter>源文件</Filter>
    </ClCompile>
    <ClCompile Include="wang.cpp">
      <Filter>源文件</Filter>
    </ClCompile>
    <ClCompile Include="homework2.cpp">
      <Filter>源文件</Filter>
    </ClCompile>
    <ClCompile Include="homework3.cpp">
      <Filter>源文件\SOIL2</Filter>
    </ClCompile>
    <ClCompile Include="homework4.cpp">
      <Filter>源文件</Filter>
    </ClCompile>
  </ItemGroup>
  <ItemGroup>
    <ClInclude Include="Shader.h">
      <Filter>头文件</Filter>
    </ClInclude>
    <ClInclude Include="SOIL2\SOIL2.h">
      <Filter>源文件\SOIL2</Filter>
    </ClInclude>
    <ClInclude Include="SOIL2\stb_image.h">
      <Filter>源文件\SOIL2</Filter>
    </ClInclude>
    <ClInclude Include="Camera.h">
      <Filter>头文件</Filter>
    </ClInclude>
    <ClInclude Include="Light.h">
      <Filter>头文件</Filter>
    </ClInclude>
    <ClInclude Include="Shader2.h">
      <Filter>头文件</Filter>
    </ClInclude>
    <ClInclude Include="Camera2.h">
      <Filter>头文件</Filter>
    </ClInclude>
    <ClInclude Include="Light2.h">
      <Filter>头文件</Filter>
    </ClInclude>
    <ClInclude Include="Moon.h">
      <Filter>头文件</Filter>
    </ClInclude>
  </ItemGroup>
  <ItemGroup>
    <None Include="res\shaders\core.fs">
      <Filter>源文件\res\shaders</Filter>
    </None>
    <None Include="res\shaders\core.vs">
      <Filter>源文件\res\shaders</Filter>
    </None>
    <None Include="res\shaders\light.fs">
      <Filter>源文件\res\shaders</Filter>
    </None>
    <None Include="res\shaders\light.vs">
      <Filter>源文件\res\shaders</Filter>
    </None>
    <None Include="res\shaders\core2.fs">
      <Filter>源文件\res\shaders</Filter>
    </None>
    <None Include="res\shaders\core2.vs">
      <Filter>源文件\res\shaders</Filter>
    </None>
    <None Include="res\shaders\core3.fs">
      <Filter>源文件\res\shaders</Filter>
    </None>
    <None Include="res\shaders\core3.vs">
      <Filter>源文件\res\shaders</Filter>
    </None>
    <None Include="res\shaders\light2.fs">
      <Filter>源文件\res\shaders</Filter>
    </None>
    <None Include="res\shaders\light2.vs">
      <Filter>源文件\res\shaders</Filter>
    </None>
    <None Include="res\shaders\moon.vs">
      <Filter>源文件\res\shaders</Filter>
    </None>
    <None Include="res\shaders\moon.fs">
      <Filter>源文件\res\shaders</Filter>
    </None>
  </ItemGroup>
  <ItemGroup>
    <Image Include="res\images\01.jpg">
      <Filter>源文件\res\images</Filter>
    </Image>
    <Image Include="res\images\02.jpg">
      <Filter>源文件\res\images</Filter>
    </Image>
  </ItemGroup>
</Project>